<Solution>
  <Project Path="DirectoryService/DirectoryService.csproj" />
  <Project Path="Domain.Tests/Domain.Tests.csproj" />
  <Project Path="Domain/Domain.csproj" />
  <Project Path="Infrastructure.PostgreSQL/Infrastructure.PostgreSQL.csproj" />
  <Project Path="src/DirectoryService.Application/DirectoryService.Application.csproj" />
  <Project Path="src/DirectoryService.Infrastructure/DirectoryService.Infrastructure.csproj" />
</Solution>
